
Microsoft Visual Studio Solution File, Format Version 12.00
# Visual Studio Version 17
VisualStudioVersion = 17.13.35931.197
MinimumVisualStudioVersion = 10.0.40219.1
Project("{2150E333-8FDC-42A3-9474-1A3956D46DE8}") = "src", "src", "{02EA681E-C7D8-13C7-8484-4AC65E1B71E8}"
EndProject
Project("{2150E333-8FDC-42A3-9474-1A3956D46DE8}") = "tests", "tests", "{373563AA-C283-4D35-873C-DA546F28EF1A}"
EndProject
Project("{2150E333-8FDC-42A3-9474-1A3956D46DE8}") = "SharedKernel", "SharedKernel", "{A65B288B-733B-487A-98E2-090611F3C4C1}"
EndProject
Project("{FAE04EC0-301F-11D3-BF4B-00C04F79EFBC}") = "TeamHub.SharedKernel", "src\SharedKernel\TeamHub.SharedKernel\TeamHub.SharedKernel.csproj", "{DC7E4FF9-DFD3-481C-8C89-B35536937352}"
EndProject
Project("{FAE04EC0-301F-11D3-BF4B-00C04F79EFBC}") = "TeamHub.Domain", "src\TeamHub.Domain\TeamHub.Domain.csproj", "{10F64D4F-C893-4671-9877-DF2D913E56A4}"
EndProject
Project("{2150E333-8FDC-42A3-9474-1A3956D46DE8}") = "Presentation", "Presentation", "{6B9C7492-8B67-4A50-9DE8-D0754E9FE657}"
EndProject
Project("{FAE04EC0-301F-11D3-BF4B-00C04F79EFBC}") = "TeamHub.Application", "src\TeamHub.Application\TeamHub.Application.csproj", "{2CB1E8E6-9032-40F3-9863-D0835FBDF050}"
EndProject
Project("{FAE04EC0-301F-11D3-BF4B-00C04F79EFBC}") = "TeamHub.API", "src\Presentation\TeamHub.API\TeamHub.API.csproj", "{B050F45A-C019-4156-BD51-680345BE9817}"
EndProject
Project("{FAE04EC0-301F-11D3-BF4B-00C04F79EFBC}") = "TeamHub.Infrastructure", "src\TeamHub.Infrastructure\TeamHub.Infrastructure.csproj", "{1774D6C3-8BB8-4ABA-97CF-8221EE7107E6}"
EndProject
Global
	GlobalSection(SolutionConfigurationPlatforms) = preSolution
		Debug|Any CPU = Debug|Any CPU
		Release|Any CPU = Release|Any CPU
	EndGlobalSection
	GlobalSection(ProjectConfigurationPlatforms) = postSolution
		{DC7E4FF9-DFD3-481C-8C89-B35536937352}.Debug|Any CPU.ActiveCfg = Debug|Any CPU
		{DC7E4FF9-DFD3-481C-8C89-B35536937352}.Debug|Any CPU.Build.0 = Debug|Any CPU
		{DC7E4FF9-DFD3-481C-8C89-B35536937352}.Release|Any CPU.ActiveCfg = Release|Any CPU
		{DC7E4FF9-DFD3-481C-8C89-B35536937352}.Release|Any CPU.Build.0 = Release|Any CPU
		{10F64D4F-C893-4671-9877-DF2D913E56A4}.Debug|Any CPU.ActiveCfg = Debug|Any CPU
		{10F64D4F-C893-4671-9877-DF2D913E56A4}.Debug|Any CPU.Build.0 = Debug|Any CPU
		{10F64D4F-C893-4671-9877-DF2D913E56A4}.Release|Any CPU.ActiveCfg = Release|Any CPU
		{10F64D4F-C893-4671-9877-DF2D913E56A4}.Release|Any CPU.Build.0 = Release|Any CPU
		{2CB1E8E6-9032-40F3-9863-D0835FBDF050}.Debug|Any CPU.ActiveCfg = Debug|Any CPU
		{2CB1E8E6-9032-40F3-9863-D0835FBDF050}.Debug|Any CPU.Build.0 = Debug|Any CPU
		{2CB1E8E6-9032-40F3-9863-D0835FBDF050}.Release|Any CPU.ActiveCfg = Release|Any CPU
		{2CB1E8E6-9032-40F3-9863-D0835FBDF050}.Release|Any CPU.Build.0 = Release|Any CPU
		{B050F45A-C019-4156-BD51-680345BE9817}.Debug|Any CPU.ActiveCfg = Debug|Any CPU
		{B050F45A-C019-4156-BD51-680345BE9817}.Debug|Any CPU.Build.0 = Debug|Any CPU
		{B050F45A-C019-4156-BD51-680345BE9817}.Release|Any CPU.ActiveCfg = Release|Any CPU
		{B050F45A-C019-4156-BD51-680345BE9817}.Release|Any CPU.Build.0 = Release|Any CPU
		{1774D6C3-8BB8-4ABA-97CF-8221EE7107E6}.Debug|Any CPU.ActiveCfg = Debug|Any CPU
		{1774D6C3-8BB8-4ABA-97CF-8221EE7107E6}.Debug|Any CPU.Build.0 = Debug|Any CPU
		{1774D6C3-8BB8-4ABA-97CF-8221EE7107E6}.Release|Any CPU.ActiveCfg = Release|Any CPU
		{1774D6C3-8BB8-4ABA-97CF-8221EE7107E6}.Release|Any CPU.Build.0 = Release|Any CPU
	EndGlobalSection
	GlobalSection(SolutionProperties) = preSolution
		HideSolutionNode = FALSE
	EndGlobalSection
	GlobalSection(NestedProjects) = preSolution
		{A65B288B-733B-487A-98E2-090611F3C4C1} = {02EA681E-C7D8-13C7-8484-4AC65E1B71E8}
		{DC7E4FF9-DFD3-481C-8C89-B35536937352} = {A65B288B-733B-487A-98E2-090611F3C4C1}
		{10F64D4F-C893-4671-9877-DF2D913E56A4} = {02EA681E-C7D8-13C7-8484-4AC65E1B71E8}
		{6B9C7492-8B67-4A50-9DE8-D0754E9FE657} = {02EA681E-C7D8-13C7-8484-4AC65E1B71E8}
		{2CB1E8E6-9032-40F3-9863-D0835FBDF050} = {02EA681E-C7D8-13C7-8484-4AC65E1B71E8}
		{B050F45A-C019-4156-BD51-680345BE9817} = {6B9C7492-8B67-4A50-9DE8-D0754E9FE657}
		{1774D6C3-8BB8-4ABA-97CF-8221EE7107E6} = {02EA681E-C7D8-13C7-8484-4AC65E1B71E8}
	EndGlobalSection
	GlobalSection(ExtensibilityGlobals) = postSolution
		SolutionGuid = {2173ADD5-B210-4921-AD31-CE36973668BC}
	EndGlobalSection
EndGlobal
